PODS:
  - Flutter (1.0.0)
  - ios_image_editor (0.0.1):
    - Flutter

DEPENDENCIES:
  - Flutter (from `Flutter`)
  - ios_image_editor (from `.symlinks/plugins/ios_image_editor/ios`)

EXTERNAL SOURCES:
  Flutter:
    :path: Flutter
  ios_image_editor:
    :path: ".symlinks/plugins/ios_image_editor/ios"

SPEC CHECKSUMS:
  Flutter: cabc95a1d2626b1b06e7179b784ebcf0c0cde467
  ios_image_editor: f28bcbdf1fa753d49451d583456078db35f6a474

PODFILE CHECKSUM: 251cb053df7158f337c0712f2ab29f4e0fa474ce

COCOAPODS: 1.17.0
